
Microsoft Visual Studio Solution File, Format Version 12.00
# Visual Studio 2012
Project("{FAE04EC0-301F-11D3-BF4B-00C04F79EFBC}") = "ChatUI", "ChatUI\ChatUI.csproj", "{1C3BCE3F-906E-4C94-A364-677EF2D8C5AA}"
EndProject
Project("{FAE04EC0-301F-11D3-BF4B-00C04F79EFBC}") = "QueueSend", "..\QueueSend\QueueSend\QueueSend.csproj", "{3159D75A-E7C8-44C6-8815-E741453F1D94}"
EndProject
Project("{FAE04EC0-301F-11D3-BF4B-00C04F79EFBC}") = "ChatConsumer", "..\ChatConsumer\ChatConsumer.csproj", "{7E3C7ECF-4009-46F5-AEF3-296CAA871F59}"
EndProject
Project("{FAE04EC0-301F-11D3-BF4B-00C04F79EFBC}") = "MetaDataService", "..\MetaDataService\MetaDataService.csproj", "{90771FD9-0C61-4373-90D5-6DAD552C74A4}"
EndProject
Global
	GlobalSection(SolutionConfigurationPlatforms) = preSolution
		Debug|Any CPU = Debug|Any CPU
		Release|Any CPU = Release|Any CPU
	EndGlobalSection
	GlobalSection(ProjectConfigurationPlatforms) = postSolution
		{1C3BCE3F-906E-4C94-A364-677EF2D8C5AA}.Debug|Any CPU.ActiveCfg = Debug|Any CPU
		{1C3BCE3F-906E-4C94-A364-677EF2D8C5AA}.Debug|Any CPU.Build.0 = Debug|Any CPU
		{1C3BCE3F-906E-4C94-A364-677EF2D8C5AA}.Release|Any CPU.ActiveCfg = Release|Any CPU
		{1C3BCE3F-906E-4C94-A364-677EF2D8C5AA}.Release|Any CPU.Build.0 = Release|Any CPU
		{3159D75A-E7C8-44C6-8815-E741453F1D94}.Debug|Any CPU.ActiveCfg = Debug|Any CPU
		{3159D75A-E7C8-44C6-8815-E741453F1D94}.Debug|Any CPU.Build.0 = Debug|Any CPU
		{3159D75A-E7C8-44C6-8815-E741453F1D94}.Release|Any CPU.ActiveCfg = Release|Any CPU
		{3159D75A-E7C8-44C6-8815-E741453F1D94}.Release|Any CPU.Build.0 = Release|Any CPU
		{7E3C7ECF-4009-46F5-AEF3-296CAA871F59}.Debug|Any CPU.ActiveCfg = Debug|Any CPU
		{7E3C7ECF-4009-46F5-AEF3-296CAA871F59}.Debug|Any CPU.Build.0 = Debug|Any CPU
		{7E3C7ECF-4009-46F5-AEF3-296CAA871F59}.Release|Any CPU.ActiveCfg = Release|Any CPU
		{7E3C7ECF-4009-46F5-AEF3-296CAA871F59}.Release|Any CPU.Build.0 = Release|Any CPU
		{90771FD9-0C61-4373-90D5-6DAD552C74A4}.Debug|Any CPU.ActiveCfg = Debug|Any CPU
		{90771FD9-0C61-4373-90D5-6DAD552C74A4}.Debug|Any CPU.Build.0 = Debug|Any CPU
		{90771FD9-0C61-4373-90D5-6DAD552C74A4}.Release|Any CPU.ActiveCfg = Release|Any CPU
		{90771FD9-0C61-4373-90D5-6DAD552C74A4}.Release|Any CPU.Build.0 = Release|Any CPU
	EndGlobalSection
	GlobalSection(SolutionProperties) = preSolution
		HideSolutionNode = FALSE
	EndGlobalSection
EndGlobal
